<?xml version="1.0" encoding="utf-8"?>
<Project ToolsVersion="4.0" xmlns="http://schemas.microsoft.com/developer/msbuild/2003">
  <ItemGroup>
    <Filter Include="FreeRTOS">
      <UniqueIdentifier>{e949f5c7-e419-461c-ad22-61e91a5db4b6}</UniqueIdentifier>
    </Filter>
    <Filter Include="FreeRTOS\Source">
      <UniqueIdentifier>{54ab8de4-50e2-41c9-af79-4798ef5154ac}</UniqueIdentifier>
    </Filter>
    <Filter Include="FreeRTOS\Example">
      <UniqueIdentifier>{7e551366-468e-42f4-82c9-ac70ea62b92d}</UniqueIdentifier>
    </Filter>
  </ItemGroup>
  <ItemGroup>
    <ClInclude Include="FreeRTOS\Source\atomic.h">
      <Filter>FreeRTOS\Source</Filter>
    </ClInclude>
    <ClInclude Include="FreeRTOS\Source\croutine.h">
      <Filter>FreeRTOS\Source</Filter>
    </ClInclude>
    <ClInclude Include="FreeRTOS\Source\deprecated_definitions.h">
      <Filter>FreeRTOS\Source</Filter>
    </ClInclude>
    <ClInclude Include="FreeRTOS\Source\event_groups.h">
      <Filter>FreeRTOS\Source</Filter>
    </ClInclude>
    <ClInclude Include="FreeRTOS\Source\FreeRTOS.h">
      <Filter>FreeRTOS\Source</Filter>
    </ClInclude>
    <ClInclude Include="FreeRTOS\Source\FreeRTOSConfig.h">
      <Filter>FreeRTOS\Source</Filter>
    </ClInclude>
    <ClInclude Include="FreeRTOS\Source\list.h">
      <Filter>FreeRTOS\Source</Filter>
    </ClInclude>
    <ClInclude Include="FreeRTOS\Source\message_buffer.h">
      <Filter>FreeRTOS\Source</Filter>
    </ClInclude>
    <ClInclude Include="FreeRTOS\Source\mpu_prototypes.h">
      <Filter>FreeRTOS\Source</Filter>
    </ClInclude>
    <ClInclude Include="FreeRTOS\Source\mpu_wrappers.h">
      <Filter>FreeRTOS\Source</Filter>
    </ClInclude>
    <ClInclude Include="FreeRTOS\Source\portable.h">
      <Filter>FreeRTOS\Source</Filter>
    </ClInclude>
    <ClInclude Include="FreeRTOS\Source\portmacro.h">
      <Filter>FreeRTOS\Source</Filter>
    </ClInclude>
    <ClInclude Include="FreeRTOS\Source\projdefs.h">
      <Filter>FreeRTOS\Source</Filter>
    </ClInclude>
    <ClInclude Include="FreeRTOS\Source\queue.h">
      <Filter>FreeRTOS\Source</Filter>
    </ClInclude>
    <ClInclude Include="FreeRTOS\Source\semphr.h">
      <Filter>FreeRTOS\Source</Filter>
    </ClInclude>
    <ClInclude Include="FreeRTOS\Source\stack_macros.h">
      <Filter>FreeRTOS\Source</Filter>
    </ClInclude>
    <ClInclude Include="FreeRTOS\Source\StackMacros.h">
      <Filter>FreeRTOS\Source</Filter>
    </ClInclude>
    <ClInclude Include="FreeRTOS\Source\stream_buffer.h">
      <Filter>FreeRTOS\Source</Filter>
    </ClInclude>
    <ClInclude Include="FreeRTOS\Source\task.h">
      <Filter>FreeRTOS\Source</Filter>
    </ClInclude>
    <ClInclude Include="FreeRTOS\Source\timers.h">
      <Filter>FreeRTOS\Source</Filter>
    </ClInclude>
  </ItemGroup>
  <ItemGroup>
    <ClCompile Include="FreeRTOS\Source\croutine.c">
      <Filter>FreeRTOS\Source</Filter>
    </ClCompile>
    <ClCompile Include="FreeRTOS\Source\event_groups.c">
      <Filter>FreeRTOS\Source</Filter>
    </ClCompile>
    <ClCompile Include="FreeRTOS\Source\heap_4.c">
      <Filter>FreeRTOS\Source</Filter>
    </ClCompile>
    <ClCompile Include="FreeRTOS\Source\list.c">
      <Filter>FreeRTOS\Source</Filter>
    </ClCompile>
    <ClCompile Include="FreeRTOS\Source\queue.c">
      <Filter>FreeRTOS\Source</Filter>
    </ClCompile>
    <ClCompile Include="FreeRTOS\Source\stream_buffer.c">
      <Filter>FreeRTOS\Source</Filter>
    </ClCompile>
    <ClCompile Include="FreeRTOS\Source\tasks.c">
      <Filter>FreeRTOS\Source</Filter>
    </ClCompile>
    <ClCompile Include="FreeRTOS\Source\timers.c">
      <Filter>FreeRTOS\Source</Filter>
    </ClCompile>
    <ClCompile Include="FreeRTOS\Source\port.c">
      <Filter>FreeRTOS\Source</Filter>
    </ClCompile>
    <ClCompile Include="FreeRTOS\Example\main.c">
      <Filter>FreeRTOS\Example</Filter>
    </ClCompile>
  </ItemGroup>
</Project>